
Microsoft Visual Studio Solution File, Format Version 12.00
# Visual Studio Version 17
VisualStudioVersion = 17.8.34004.107
MinimumVisualStudioVersion = 10.0.40219.1
Project("{FAE04EC0-301F-11D3-BF4B-00C04F79EFBC}") = "BasicSample", "BasicSample.csproj", "{1B5906DB-9B5A-4484-8E66-57C99A4E81CD}"
EndProject
Global
	GlobalSection(SolutionConfigurationPlatforms) = preSolution
		Debug|Any CPU = Debug|Any CPU
		Release|Any CPU = Release|Any CPU
	EndGlobalSection
	GlobalSection(ProjectConfigurationPlatforms) = postSolution
		{1B5906DB-9B5A-4484-8E66-57C99A4E81CD}.Debug|Any CPU.ActiveCfg = Debug|Any CPU
		{1B5906DB-9B5A-4484-8E66-57C99A4E81CD}.Debug|Any CPU.Build.0 = Debug|Any CPU
		{1B5906DB-9B5A-4484-8E66-57C99A4E81CD}.Release|Any CPU.ActiveCfg = Release|Any CPU
		{1B5906DB-9B5A-4484-8E66-57C99A4E81CD}.Release|Any CPU.Build.0 = Release|Any CPU
	EndGlobalSection
	GlobalSection(SolutionProperties) = preSolution
		HideSolutionNode = FALSE
	EndGlobalSection
	GlobalSection(ExtensibilityGlobals) = postSolution
		SolutionGuid = {B8D07E16-15C0-421F-88DF-76546F99C5D4}
	EndGlobalSection
EndGlobal
