
Microsoft Visual Studio Solution File, Format Version 12.00
# Visual Studio Version 17
VisualStudioVersion = 17.8.34004.107
MinimumVisualStudioVersion = 10.0.40219.1
Project("{9A19103F-16F7-4668-BE54-9A1E7A4F7556}") = "Vectra", "Vectra.csproj", "{728368B3-D2D2-4135-800E-532B892B3864}"
EndProject
Project("{FAE04EC0-301F-11D3-BF4B-00C04F79EFBC}") = "Vectra.Tests", "..\Vectra.Tests\Vectra.Tests.csproj", "{0319ED1D-3C9A-451D-BC0B-62F861DDFA71}"
EndProject
Global
	GlobalSection(SolutionConfigurationPlatforms) = preSolution
		Debug|Any CPU = Debug|Any CPU
		Release|Any CPU = Release|Any CPU
	EndGlobalSection
	GlobalSection(ProjectConfigurationPlatforms) = postSolution
		{728368B3-D2D2-4135-800E-532B892B3864}.Debug|Any CPU.ActiveCfg = Debug|Any CPU
		{728368B3-D2D2-4135-800E-532B892B3864}.Debug|Any CPU.Build.0 = Debug|Any CPU
		{728368B3-D2D2-4135-800E-532B892B3864}.Release|Any CPU.ActiveCfg = Release|Any CPU
		{728368B3-D2D2-4135-800E-532B892B3864}.Release|Any CPU.Build.0 = Release|Any CPU
		{0319ED1D-3C9A-451D-BC0B-62F861DDFA71}.Debug|Any CPU.ActiveCfg = Debug|Any CPU
		{0319ED1D-3C9A-451D-BC0B-62F861DDFA71}.Debug|Any CPU.Build.0 = Debug|Any CPU
		{0319ED1D-3C9A-451D-BC0B-62F861DDFA71}.Release|Any CPU.ActiveCfg = Release|Any CPU
		{0319ED1D-3C9A-451D-BC0B-62F861DDFA71}.Release|Any CPU.Build.0 = Release|Any CPU
	EndGlobalSection
	GlobalSection(SolutionProperties) = preSolution
		HideSolutionNode = FALSE
	EndGlobalSection
	GlobalSection(ExtensibilityGlobals) = postSolution
		SolutionGuid = {40D17740-DD61-4F23-A459-C50F5EFA2BE9}
	EndGlobalSection
EndGlobal
